PODS:
  - Tagipedia (2.0.2)

DEPENDENCIES:
  - Tagipedia (from `https://github.com/tagipedia/tagipedia-ios.git`)

EXTERNAL SOURCES:
  Tagipedia:
    :git: https://github.com/tagipedia/tagipedia-ios.git

CHECKOUT OPTIONS:
  Tagipedia:
    :commit: 74bcb2a5897d6540d769cbf57896974e3284a110
    :git: https://github.com/tagipedia/tagipedia-ios.git

SPEC CHECKSUMS:
  Tagipedia: 76a05d17fe408b633c05d4e6f98e9e263df24ba3

PODFILE CHECKSUM: cc49a6b52410433995aa138a7340e573853dceef

COCOAPODS: 1.5.3
