PODS:
  - Tagipedia (2.2.2)

DEPENDENCIES:
  - Tagipedia (from `https://github.com/tagipedia/tagipedia-ios.git`)

EXTERNAL SOURCES:
  Tagipedia:
    :git: https://github.com/tagipedia/tagipedia-ios.git

CHECKOUT OPTIONS:
  Tagipedia:
    :commit: 04ef869197cb03678f4237d5281f7f4c431fbbe4
    :git: https://github.com/tagipedia/tagipedia-ios.git

SPEC CHECKSUMS:
  Tagipedia: dafcd316191217bebb962730b2545984e19b19e5

PODFILE CHECKSUM: 1831c97f342639b2bd00afc6d4b3c0540bcbd85e

COCOAPODS: 1.6.1
