PODS:
  - Tagipedia (2.2.4)

DEPENDENCIES:
  - Tagipedia (from `https://github.com/tagipedia/tagipedia-ios.git`)

EXTERNAL SOURCES:
  Tagipedia:
    :git: https://github.com/tagipedia/tagipedia-ios.git

CHECKOUT OPTIONS:
  Tagipedia:
    :commit: d100e0b9edc4921d81fde7a848b3239d296dea8c
    :git: https://github.com/tagipedia/tagipedia-ios.git

SPEC CHECKSUMS:
  Tagipedia: 15c328210a318751e7a6dfe74c6990bef680a3e0

PODFILE CHECKSUM: 1831c97f342639b2bd00afc6d4b3c0540bcbd85e

COCOAPODS: 1.6.1
